
Microsoft Visual Studio Solution File, Format Version 12.00
# Visual Studio 2012
Project("{FAE04EC0-301F-11D3-BF4B-00C04F79EFBC}") = "Gantt", "Gantt\Gantt.csproj", "{7624EE87-FEFA-48F1-892A-AF35B6E18141}"
EndProject
Global
	GlobalSection(SolutionConfigurationPlatforms) = preSolution
		Debug|Any CPU = Debug|Any CPU
		Release|Any CPU = Release|Any CPU
	EndGlobalSection
	GlobalSection(ProjectConfigurationPlatforms) = postSolution
		{7624EE87-FEFA-48F1-892A-AF35B6E18141}.Debug|Any CPU.ActiveCfg = Debug|Any CPU
		{7624EE87-FEFA-48F1-892A-AF35B6E18141}.Debug|Any CPU.Build.0 = Debug|Any CPU
		{7624EE87-FEFA-48F1-892A-AF35B6E18141}.Release|Any CPU.ActiveCfg = Release|Any CPU
		{7624EE87-FEFA-48F1-892A-AF35B6E18141}.Release|Any CPU.Build.0 = Release|Any CPU
	EndGlobalSection
	GlobalSection(SolutionProperties) = preSolution
		HideSolutionNode = FALSE
	EndGlobalSection
EndGlobal
